
Microsoft Visual Studio Solution File, Format Version 12.00
# Visual Studio Version 16
VisualStudioVersion = 16.0.31911.196
MinimumVisualStudioVersion = 10.0.40219.1
Project("{FAE04EC0-301F-11D3-BF4B-00C04F79EFBC}") = "Test12.1.5", "Test12.1.5\Test12.1.5.csproj", "{5968EE15-7E9F-45D5-B397-5B069AB278CB}"
EndProject
Global
	GlobalSection(SolutionConfigurationPlatforms) = preSolution
		Debug|Any CPU = Debug|Any CPU
		Release|Any CPU = Release|Any CPU
	EndGlobalSection
	GlobalSection(ProjectConfigurationPlatforms) = postSolution
		{5968EE15-7E9F-45D5-B397-5B069AB278CB}.Debug|Any CPU.ActiveCfg = Debug|Any CPU
		{5968EE15-7E9F-45D5-B397-5B069AB278CB}.Debug|Any CPU.Build.0 = Debug|Any CPU
		{5968EE15-7E9F-45D5-B397-5B069AB278CB}.Release|Any CPU.ActiveCfg = Release|Any CPU
		{5968EE15-7E9F-45D5-B397-5B069AB278CB}.Release|Any CPU.Build.0 = Release|Any CPU
	EndGlobalSection
	GlobalSection(SolutionProperties) = preSolution
		HideSolutionNode = FALSE
	EndGlobalSection
	GlobalSection(ExtensibilityGlobals) = postSolution
		SolutionGuid = {ACB920D9-4C81-4DEE-BE29-2713D4CA4C31}
	EndGlobalSection
EndGlobal
